
Microsoft Visual Studio Solution File, Format Version 12.00
# Visual Studio Version 17
VisualStudioVersion = 17.0.31903.59
MinimumVisualStudioVersion = 10.0.40219.1
Project("{FAE04EC0-301F-11D3-BF4B-00C04F79EFBC}") = "Sorting", "Sorting\Sorting.csproj", "{BA03618D-755F-4191-9C23-22DF5F7063C9}"
EndProject
Project("{FAE04EC0-301F-11D3-BF4B-00C04F79EFBC}") = "Testing", "Testing\Testing.csproj", "{4074EF54-7511-4A30-9F96-176AF0D47A63}"
EndProject
Project("{FAE04EC0-301F-11D3-BF4B-00C04F79EFBC}") = "UnitTesting", "UnitTesting\UnitTesting.csproj", "{0995E467-F88F-4768-A589-86E423433025}"
EndProject
Global
	GlobalSection(SolutionConfigurationPlatforms) = preSolution
		Debug|Any CPU = Debug|Any CPU
		Release|Any CPU = Release|Any CPU
	EndGlobalSection
	GlobalSection(SolutionProperties) = preSolution
		HideSolutionNode = FALSE
	EndGlobalSection
	GlobalSection(ProjectConfigurationPlatforms) = postSolution
		{BA03618D-755F-4191-9C23-22DF5F7063C9}.Debug|Any CPU.ActiveCfg = Debug|Any CPU
		{BA03618D-755F-4191-9C23-22DF5F7063C9}.Debug|Any CPU.Build.0 = Debug|Any CPU
		{BA03618D-755F-4191-9C23-22DF5F7063C9}.Release|Any CPU.ActiveCfg = Release|Any CPU
		{BA03618D-755F-4191-9C23-22DF5F7063C9}.Release|Any CPU.Build.0 = Release|Any CPU
		{4074EF54-7511-4A30-9F96-176AF0D47A63}.Debug|Any CPU.ActiveCfg = Debug|Any CPU
		{4074EF54-7511-4A30-9F96-176AF0D47A63}.Debug|Any CPU.Build.0 = Debug|Any CPU
		{4074EF54-7511-4A30-9F96-176AF0D47A63}.Release|Any CPU.ActiveCfg = Release|Any CPU
		{4074EF54-7511-4A30-9F96-176AF0D47A63}.Release|Any CPU.Build.0 = Release|Any CPU
		{0995E467-F88F-4768-A589-86E423433025}.Debug|Any CPU.ActiveCfg = Debug|Any CPU
		{0995E467-F88F-4768-A589-86E423433025}.Debug|Any CPU.Build.0 = Debug|Any CPU
		{0995E467-F88F-4768-A589-86E423433025}.Release|Any CPU.ActiveCfg = Release|Any CPU
		{0995E467-F88F-4768-A589-86E423433025}.Release|Any CPU.Build.0 = Release|Any CPU
	EndGlobalSection
EndGlobal
